// !$*UTF8*$!
{
	archiveVersion = 1;
	classes = {
	};
	objectVersion = 50;
	objects = {

/* Begin PBXBuildFile section */
		4000763A229BDFDE0004EE01 /* TableDataSource.swift in Sources */ = {isa = PBXBuildFile; fileRef = 40007639229BDFDE0004EE01 /* TableDataSource.swift */; };
		40B1929E22972BD700664959 /* AppDelegate.swift in Sources */ = {isa = PBXBuildFile; fileRef = 40B1929D22972BD700664959 /* AppDelegate.swift */; };
		40B192A522972BDA00664959 /* Assets.xcassets in Resources */ = {isa = PBXBuildFile; fileRef = 40B192A422972BDA00664959 /* Assets.xcassets */; };
		40B192A822972BDA00664959 /* LaunchScreen.storyboard in Resources */ = {isa = PBXBuildFile; fileRef = 40B192A622972BDA00664959 /* LaunchScreen.storyboard */; };
		40B192B422972FCE00664959 /* AppCoordinator.swift in Sources */ = {isa = PBXBuildFile; fileRef = 40B192B022972FCE00664959 /* AppCoordinator.swift */; };
		40B192B522972FCE00664959 /* DetailsCoordinator.swift in Sources */ = {isa = PBXBuildFile; fileRef = 40B192B122972FCE00664959 /* DetailsCoordinator.swift */; };
		40B192B622972FCE00664959 /* ListCoodrinator.swift in Sources */ = {isa = PBXBuildFile; fileRef = 40B192B222972FCE00664959 /* ListCoodrinator.swift */; };
		40B192B722972FCE00664959 /* Coordinator.swift in Sources */ = {isa = PBXBuildFile; fileRef = 40B192B322972FCE00664959 /* Coordinator.swift */; };
		40B192BB2297307300664959 /* f2.shared.global.fastly.net.cer in Resources */ = {isa = PBXBuildFile; fileRef = 40B192BA2297307300664959 /* f2.shared.global.fastly.net.cer */; };
		40B192BF229734D800664959 /* ImageService.swift in Sources */ = {isa = PBXBuildFile; fileRef = 40B192BE229734D800664959 /* ImageService.swift */; };
		40B192C1229AB2BF00664959 /* GiphyService.swift in Sources */ = {isa = PBXBuildFile; fileRef = 40B192C0229AB2BF00664959 /* GiphyService.swift */; };
		40B192C4229AD6C000664959 /* Dependencies.swift in Sources */ = {isa = PBXBuildFile; fileRef = 40B192C3229AD6C000664959 /* Dependencies.swift */; };
		40B192C6229AEACD00664959 /* RenderingViewController.swift in Sources */ = {isa = PBXBuildFile; fileRef = 40B192C5229AEACD00664959 /* RenderingViewController.swift */; };
		40B192CC229AEF8C00664959 /* Throttler.swift in Sources */ = {isa = PBXBuildFile; fileRef = 40B192C8229AEF8C00664959 /* Throttler.swift */; };
		40B192CD229AEF8C00664959 /* StringExtensions.swift in Sources */ = {isa = PBXBuildFile; fileRef = 40B192C9229AEF8C00664959 /* StringExtensions.swift */; };
		40B192CE229AEF8C00664959 /* UIViewExtension.swift in Sources */ = {isa = PBXBuildFile; fileRef = 40B192CA229AEF8C00664959 /* UIViewExtension.swift */; };
		40B192CF229AEF8C00664959 /* DateExtensions.swift in Sources */ = {isa = PBXBuildFile; fileRef = 40B192CB229AEF8C00664959 /* DateExtensions.swift */; };
		40B192D1229AF32F00664959 /* ImageViewController.swift in Sources */ = {isa = PBXBuildFile; fileRef = 40B192D0229AF32F00664959 /* ImageViewController.swift */; };
		40B192D6229B093B00664959 /* LoadingViewController.swift in Sources */ = {isa = PBXBuildFile; fileRef = 40B192D5229B093B00664959 /* LoadingViewController.swift */; };
		40B192D8229B173600664959 /* TableViewController.swift in Sources */ = {isa = PBXBuildFile; fileRef = 40B192D7229B173600664959 /* TableViewController.swift */; };
		40B192DA229B400200664959 /* UniversalTableHandler.swift in Sources */ = {isa = PBXBuildFile; fileRef = 40B192D9229B400200664959 /* UniversalTableHandler.swift */; };
/* End PBXBuildFile section */

/* Begin PBXFileReference section */
		40007639229BDFDE0004EE01 /* TableDataSource.swift */ = {isa = PBXFileReference; lastKnownFileType = sourcecode.swift; path = TableDataSource.swift; sourceTree = "<group>"; };
		40B1929A22972BD700664959 /* GiphyDemo.app */ = {isa = PBXFileReference; explicitFileType = wrapper.application; includeInIndex = 0; path = GiphyDemo.app; sourceTree = BUILT_PRODUCTS_DIR; };
		40B1929D22972BD700664959 /* AppDelegate.swift */ = {isa = PBXFileReference; lastKnownFileType = sourcecode.swift; path = AppDelegate.swift; sourceTree = "<group>"; };
		40B192A422972BDA00664959 /* Assets.xcassets */ = {isa = PBXFileReference; lastKnownFileType = folder.assetcatalog; path = Assets.xcassets; sourceTree = "<group>"; };
		40B192A722972BDA00664959 /* Base */ = {isa = PBXFileReference; lastKnownFileType = file.storyboard; name = Base; path = Base.lproj/LaunchScreen.storyboard; sourceTree = "<group>"; };
		40B192A922972BDA00664959 /* Info.plist */ = {isa = PBXFileReference; lastKnownFileType = text.plist.xml; path = Info.plist; sourceTree = "<group>"; };
		40B192B022972FCE00664959 /* AppCoordinator.swift */ = {isa = PBXFileReference; fileEncoding = 4; lastKnownFileType = sourcecode.swift; path = AppCoordinator.swift; sourceTree = "<group>"; };
		40B192B122972FCE00664959 /* DetailsCoordinator.swift */ = {isa = PBXFileReference; fileEncoding = 4; lastKnownFileType = sourcecode.swift; path = DetailsCoordinator.swift; sourceTree = "<group>"; };
		40B192B222972FCE00664959 /* ListCoodrinator.swift */ = {isa = PBXFileReference; fileEncoding = 4; lastKnownFileType = sourcecode.swift; path = ListCoodrinator.swift; sourceTree = "<group>"; };
		40B192B322972FCE00664959 /* Coordinator.swift */ = {isa = PBXFileReference; fileEncoding = 4; lastKnownFileType = sourcecode.swift; path = Coordinator.swift; sourceTree = "<group>"; };
		40B192BA2297307300664959 /* f2.shared.global.fastly.net.cer */ = {isa = PBXFileReference; lastKnownFileType = file; name = f2.shared.global.fastly.net.cer; path = ../../../GiphyAPI/GiphyAPITests/f2.shared.global.fastly.net.cer; sourceTree = "<group>"; };
		40B192BE229734D800664959 /* ImageService.swift */ = {isa = PBXFileReference; fileEncoding = 4; lastKnownFileType = sourcecode.swift; path = ImageService.swift; sourceTree = "<group>"; };
		40B192C0229AB2BF00664959 /* GiphyService.swift */ = {isa = PBXFileReference; lastKnownFileType = sourcecode.swift; path = GiphyService.swift; sourceTree = "<group>"; };
		40B192C3229AD6C000664959 /* Dependencies.swift */ = {isa = PBXFileReference; lastKnownFileType = sourcecode.swift; path = Dependencies.swift; sourceTree = "<group>"; };
		40B192C5229AEACD00664959 /* RenderingViewController.swift */ = {isa = PBXFileReference; lastKnownFileType = sourcecode.swift; path = RenderingViewController.swift; sourceTree = "<group>"; };
		40B192C8229AEF8C00664959 /* Throttler.swift */ = {isa = PBXFileReference; fileEncoding = 4; lastKnownFileType = sourcecode.swift; path = Throttler.swift; sourceTree = "<group>"; };
		40B192C9229AEF8C00664959 /* StringExtensions.swift */ = {isa = PBXFileReference; fileEncoding = 4; lastKnownFileType = sourcecode.swift; path = StringExtensions.swift; sourceTree = "<group>"; };
		40B192CA229AEF8C00664959 /* UIViewExtension.swift */ = {isa = PBXFileReference; fileEncoding = 4; lastKnownFileType = sourcecode.swift; path = UIViewExtension.swift; sourceTree = "<group>"; };
		40B192CB229AEF8C00664959 /* DateExtensions.swift */ = {isa = PBXFileReference; fileEncoding = 4; lastKnownFileType = sourcecode.swift; path = DateExtensions.swift; sourceTree = "<group>"; };
		40B192D0229AF32F00664959 /* ImageViewController.swift */ = {isa = PBXFileReference; lastKnownFileType = sourcecode.swift; path = ImageViewController.swift; sourceTree = "<group>"; };
		40B192D5229B093B00664959 /* LoadingViewController.swift */ = {isa = PBXFileReference; lastKnownFileType = sourcecode.swift; path = LoadingViewController.swift; sourceTree = "<group>"; };
		40B192D7229B173600664959 /* TableViewController.swift */ = {isa = PBXFileReference; lastKnownFileType = sourcecode.swift; path = TableViewController.swift; sourceTree = "<group>"; };
		40B192D9229B400200664959 /* UniversalTableHandler.swift */ = {isa = PBXFileReference; fileEncoding = 4; lastKnownFileType = sourcecode.swift; path = UniversalTableHandler.swift; sourceTree = "<group>"; };
/* End PBXFileReference section */

/* Begin PBXFrameworksBuildPhase section */
		40B1929722972BD700664959 /* Frameworks */ = {
			isa = PBXFrameworksBuildPhase;
			buildActionMask = 2147483647;
			files = (
			);
			runOnlyForDeploymentPostprocessing = 0;
		};
/* End PBXFrameworksBuildPhase section */

/* Begin PBXGroup section */
		40B1929122972BD700664959 = {
			isa = PBXGroup;
			children = (
				40B1929C22972BD700664959 /* GiphyDemo */,
				40B1929B22972BD700664959 /* Products */,
			);
			sourceTree = "<group>";
		};
		40B1929B22972BD700664959 /* Products */ = {
			isa = PBXGroup;
			children = (
				40B1929A22972BD700664959 /* GiphyDemo.app */,
			);
			name = Products;
			sourceTree = "<group>";
		};
		40B1929C22972BD700664959 /* GiphyDemo */ = {
			isa = PBXGroup;
			children = (
				40B192C7229AEF8C00664959 /* Utilities */,
				40B192B92297305B00664959 /* Meta */,
				40B192B82297303A00664959 /* Resources */,
				40B192BD2297341C00664959 /* Services */,
				40B192AF22972FCE00664959 /* Coordinators */,
				40B192BC2297319C00664959 /* ViewModels */,
				40B192C2229AD1E600664959 /* ViewControllers */,
				40B1929D22972BD700664959 /* AppDelegate.swift */,
			);
			path = GiphyDemo;
			sourceTree = "<group>";
		};
		40B192AF22972FCE00664959 /* Coordinators */ = {
			isa = PBXGroup;
			children = (
				40B192B022972FCE00664959 /* AppCoordinator.swift */,
				40B192B122972FCE00664959 /* DetailsCoordinator.swift */,
				40B192B222972FCE00664959 /* ListCoodrinator.swift */,
				40B192B322972FCE00664959 /* Coordinator.swift */,
			);
			path = Coordinators;
			sourceTree = "<group>";
		};
		40B192B82297303A00664959 /* Resources */ = {
			isa = PBXGroup;
			children = (
				40B192A422972BDA00664959 /* Assets.xcassets */,
				40B192A622972BDA00664959 /* LaunchScreen.storyboard */,
			);
			path = Resources;
			sourceTree = "<group>";
		};
		40B192B92297305B00664959 /* Meta */ = {
			isa = PBXGroup;
			children = (
				40B192BA2297307300664959 /* f2.shared.global.fastly.net.cer */,
				40B192A922972BDA00664959 /* Info.plist */,
			);
			path = Meta;
			sourceTree = "<group>";
		};
		40B192BC2297319C00664959 /* ViewModels */ = {
			isa = PBXGroup;
			children = (
			);
			path = ViewModels;
			sourceTree = "<group>";
		};
		40B192BD2297341C00664959 /* Services */ = {
			isa = PBXGroup;
			children = (
				40B192BE229734D800664959 /* ImageService.swift */,
				40B192C0229AB2BF00664959 /* GiphyService.swift */,
				40B192C3229AD6C000664959 /* Dependencies.swift */,
			);
			path = Services;
			sourceTree = "<group>";
		};
		40B192C2229AD1E600664959 /* ViewControllers */ = {
			isa = PBXGroup;
			children = (
				40B192C5229AEACD00664959 /* RenderingViewController.swift */,
				40B192D0229AF32F00664959 /* ImageViewController.swift */,
				40B192D5229B093B00664959 /* LoadingViewController.swift */,
				40B192D7229B173600664959 /* TableViewController.swift */,
			);
			path = ViewControllers;
			sourceTree = "<group>";
		};
		40B192C7229AEF8C00664959 /* Utilities */ = {
			isa = PBXGroup;
			children = (
				40B192D9229B400200664959 /* UniversalTableHandler.swift */,
				40B192C8229AEF8C00664959 /* Throttler.swift */,
				40B192C9229AEF8C00664959 /* StringExtensions.swift */,
				40B192CA229AEF8C00664959 /* UIViewExtension.swift */,
				40B192CB229AEF8C00664959 /* DateExtensions.swift */,
				40007639229BDFDE0004EE01 /* TableDataSource.swift */,
			);
			path = Utilities;
			sourceTree = "<group>";
		};
/* End PBXGroup section */

/* Begin PBXNativeTarget section */
		40B1929922972BD700664959 /* GiphyDemo */ = {
			isa = PBXNativeTarget;
			buildConfigurationList = 40B192AC22972BDA00664959 /* Build configuration list for PBXNativeTarget "GiphyDemo" */;
			buildPhases = (
				40B1929622972BD700664959 /* Sources */,
				40B1929722972BD700664959 /* Frameworks */,
				40B1929822972BD700664959 /* Resources */,
			);
			buildRules = (
			);
			dependencies = (
			);
			name = GiphyDemo;
			productName = GiphyDemo;
			productReference = 40B1929A22972BD700664959 /* GiphyDemo.app */;
			productType = "com.apple.product-type.application";
		};
/* End PBXNativeTarget section */

/* Begin PBXProject section */
		40B1929222972BD700664959 /* Project object */ = {
			isa = PBXProject;
			attributes = {
				LastSwiftUpdateCheck = 1020;
				LastUpgradeCheck = 1020;
				ORGANIZATIONNAME = "Vladimir Abramichev";
				TargetAttributes = {
					40B1929922972BD700664959 = {
						CreatedOnToolsVersion = 10.2.1;
					};
				};
			};
			buildConfigurationList = 40B1929522972BD700664959 /* Build configuration list for PBXProject "GiphyDemo" */;
			compatibilityVersion = "Xcode 9.3";
			developmentRegion = en;
			hasScannedForEncodings = 0;
			knownRegions = (
				en,
				Base,
			);
			mainGroup = 40B1929122972BD700664959;
			productRefGroup = 40B1929B22972BD700664959 /* Products */;
			projectDirPath = "";
			projectRoot = "";
			targets = (
				40B1929922972BD700664959 /* GiphyDemo */,
			);
		};
/* End PBXProject section */

/* Begin PBXResourcesBuildPhase section */
		40B1929822972BD700664959 /* Resources */ = {
			isa = PBXResourcesBuildPhase;
			buildActionMask = 2147483647;
			files = (
				40B192BB2297307300664959 /* f2.shared.global.fastly.net.cer in Resources */,
				40B192A822972BDA00664959 /* LaunchScreen.storyboard in Resources */,
				40B192A522972BDA00664959 /* Assets.xcassets in Resources */,
			);
			runOnlyForDeploymentPostprocessing = 0;
		};
/* End PBXResourcesBuildPhase section */

/* Begin PBXSourcesBuildPhase section */
		40B1929622972BD700664959 /* Sources */ = {
			isa = PBXSourcesBuildPhase;
			buildActionMask = 2147483647;
			files = (
				40B192B422972FCE00664959 /* AppCoordinator.swift in Sources */,
				40B192DA229B400200664959 /* UniversalTableHandler.swift in Sources */,
				40B192B722972FCE00664959 /* Coordinator.swift in Sources */,
				40B192D6229B093B00664959 /* LoadingViewController.swift in Sources */,
				40B192B622972FCE00664959 /* ListCoodrinator.swift in Sources */,
				40B192B522972FCE00664959 /* DetailsCoordinator.swift in Sources */,
				40B192C4229AD6C000664959 /* Dependencies.swift in Sources */,
				4000763A229BDFDE0004EE01 /* TableDataSource.swift in Sources */,
				40B1929E22972BD700664959 /* AppDelegate.swift in Sources */,
				40B192CE229AEF8C00664959 /* UIViewExtension.swift in Sources */,
				40B192CD229AEF8C00664959 /* StringExtensions.swift in Sources */,
				40B192CC229AEF8C00664959 /* Throttler.swift in Sources */,
				40B192C6229AEACD00664959 /* RenderingViewController.swift in Sources */,
				40B192D8229B173600664959 /* TableViewController.swift in Sources */,
				40B192BF229734D800664959 /* ImageService.swift in Sources */,
				40B192C1229AB2BF00664959 /* GiphyService.swift in Sources */,
				40B192CF229AEF8C00664959 /* DateExtensions.swift in Sources */,
				40B192D1229AF32F00664959 /* ImageViewController.swift in Sources */,
			);
			runOnlyForDeploymentPostprocessing = 0;
		};
/* End PBXSourcesBuildPhase section */

/* Begin PBXVariantGroup section */
		40B192A622972BDA00664959 /* LaunchScreen.storyboard */ = {
			isa = PBXVariantGroup;
			children = (
				40B192A722972BDA00664959 /* Base */,
			);
			name = LaunchScreen.storyboard;
			sourceTree = "<group>";
		};
/* End PBXVariantGroup section */

/* Begin XCBuildConfiguration section */
		40B192AA22972BDA00664959 /* Debug */ = {
			isa = XCBuildConfiguration;
			buildSettings = {
				ALWAYS_SEARCH_USER_PATHS = NO;
				CLANG_ANALYZER_NONNULL = YES;
				CLANG_ANALYZER_NUMBER_OBJECT_CONVERSION = YES_AGGRESSIVE;
				CLANG_CXX_LANGUAGE_STANDARD = "gnu++14";
				CLANG_CXX_LIBRARY = "libc++";
				CLANG_ENABLE_MODULES = YES;
				CLANG_ENABLE_OBJC_ARC = YES;
				CLANG_ENABLE_OBJC_WEAK = YES;
				CLANG_WARN_BLOCK_CAPTURE_AUTORELEASING = YES;
				CLANG_WARN_BOOL_CONVERSION = YES;
				CLANG_WARN_COMMA = YES;
				CLANG_WARN_CONSTANT_CONVERSION = YES;
				CLANG_WARN_DEPRECATED_OBJC_IMPLEMENTATIONS = YES;
				CLANG_WARN_DIRECT_OBJC_ISA_USAGE = YES_ERROR;
				CLANG_WARN_DOCUMENTATION_COMMENTS = YES;
				CLANG_WARN_EMPTY_BODY = YES;
				CLANG_WARN_ENUM_CONVERSION = YES;
				CLANG_WARN_INFINITE_RECURSION = YES;
				CLANG_WARN_INT_CONVERSION = YES;
				CLANG_WARN_NON_LITERAL_NULL_CONVERSION = YES;
				CLANG_WARN_OBJC_IMPLICIT_RETAIN_SELF = YES;
				CLANG_WARN_OBJC_LITERAL_CONVERSION = YES;
				CLANG_WARN_OBJC_ROOT_CLASS = YES_ERROR;
				CLANG_WARN_RANGE_LOOP_ANALYSIS = YES;
				CLANG_WARN_STRICT_PROTOTYPES = YES;
				CLANG_WARN_SUSPICIOUS_MOVE = YES;
				CLANG_WARN_UNGUARDED_AVAILABILITY = YES_AGGRESSIVE;
				CLANG_WARN_UNREACHABLE_CODE = YES;
				CLANG_WARN__DUPLICATE_METHOD_MATCH = YES;
				CODE_SIGN_IDENTITY = "iPhone Developer";
				COPY_PHASE_STRIP = NO;
				DEBUG_INFORMATION_FORMAT = dwarf;
				ENABLE_STRICT_OBJC_MSGSEND = YES;
				ENABLE_TESTABILITY = YES;
				GCC_C_LANGUAGE_STANDARD = gnu11;
				GCC_DYNAMIC_NO_PIC = NO;
				GCC_NO_COMMON_BLOCKS = YES;
				GCC_OPTIMIZATION_LEVEL = 0;
				GCC_PREPROCESSOR_DEFINITIONS = (
					"DEBUG=1",
					"$(inherited)",
				);
				GCC_WARN_64_TO_32_BIT_CONVERSION = YES;
				GCC_WARN_ABOUT_RETURN_TYPE = YES_ERROR;
				GCC_WARN_UNDECLARED_SELECTOR = YES;
				GCC_WARN_UNINITIALIZED_AUTOS = YES_AGGRESSIVE;
				GCC_WARN_UNUSED_FUNCTION = YES;
				GCC_WARN_UNUSED_VARIABLE = YES;
				IPHONEOS_DEPLOYMENT_TARGET = 12.2;
				MTL_ENABLE_DEBUG_INFO = INCLUDE_SOURCE;
				MTL_FAST_MATH = YES;
				ONLY_ACTIVE_ARCH = YES;
				SDKROOT = iphoneos;
				SWIFT_ACTIVE_COMPILATION_CONDITIONS = DEBUG;
				SWIFT_OPTIMIZATION_LEVEL = "-Onone";
			};
			name = Debug;
		};
		40B192AB22972BDA00664959 /* Release */ = {
			isa = XCBuildConfiguration;
			buildSettings = {
				ALWAYS_SEARCH_USER_PATHS = NO;
				CLANG_ANALYZER_NONNULL = YES;
				CLANG_ANALYZER_NUMBER_OBJECT_CONVERSION = YES_AGGRESSIVE;
				CLANG_CXX_LANGUAGE_STANDARD = "gnu++14";
				CLANG_CXX_LIBRARY = "libc++";
				CLANG_ENABLE_MODULES = YES;
				CLANG_ENABLE_OBJC_ARC = YES;
				CLANG_ENABLE_OBJC_WEAK = YES;
				CLANG_WARN_BLOCK_CAPTURE_AUTORELEASING = YES;
				CLANG_WARN_BOOL_CONVERSION = YES;
				CLANG_WARN_COMMA = YES;
				CLANG_WARN_CONSTANT_CONVERSION = YES;
				CLANG_WARN_DEPRECATED_OBJC_IMPLEMENTATIONS = YES;
				CLANG_WARN_DIRECT_OBJC_ISA_USAGE = YES_ERROR;
				CLANG_WARN_DOCUMENTATION_COMMENTS = YES;
				CLANG_WARN_EMPTY_BODY = YES;
				CLANG_WARN_ENUM_CONVERSION = YES;
				CLANG_WARN_INFINITE_RECURSION = YES;
				CLANG_WARN_INT_CONVERSION = YES;
				CLANG_WARN_NON_LITERAL_NULL_CONVERSION = YES;
				CLANG_WARN_OBJC_IMPLICIT_RETAIN_SELF = YES;
				CLANG_WARN_OBJC_LITERAL_CONVERSION = YES;
				CLANG_WARN_OBJC_ROOT_CLASS = YES_ERROR;
				CLANG_WARN_RANGE_LOOP_ANALYSIS = YES;
				CLANG_WARN_STRICT_PROTOTYPES = YES;
				CLANG_WARN_SUSPICIOUS_MOVE = YES;
				CLANG_WARN_UNGUARDED_AVAILABILITY = YES_AGGRESSIVE;
				CLANG_WARN_UNREACHABLE_CODE = YES;
				CLANG_WARN__DUPLICATE_METHOD_MATCH = YES;
				CODE_SIGN_IDENTITY = "iPhone Developer";
				COPY_PHASE_STRIP = NO;
				DEBUG_INFORMATION_FORMAT = "dwarf-with-dsym";
				ENABLE_NS_ASSERTIONS = NO;
				ENABLE_STRICT_OBJC_MSGSEND = YES;
				GCC_C_LANGUAGE_STANDARD = gnu11;
				GCC_NO_COMMON_BLOCKS = YES;
				GCC_WARN_64_TO_32_BIT_CONVERSION = YES;
				GCC_WARN_ABOUT_RETURN_TYPE = YES_ERROR;
				GCC_WARN_UNDECLARED_SELECTOR = YES;
				GCC_WARN_UNINITIALIZED_AUTOS = YES_AGGRESSIVE;
				GCC_WARN_UNUSED_FUNCTION = YES;
				GCC_WARN_UNUSED_VARIABLE = YES;
				IPHONEOS_DEPLOYMENT_TARGET = 12.2;
				MTL_ENABLE_DEBUG_INFO = NO;
				MTL_FAST_MATH = YES;
				SDKROOT = iphoneos;
				SWIFT_COMPILATION_MODE = wholemodule;
				SWIFT_OPTIMIZATION_LEVEL = "-O";
				VALIDATE_PRODUCT = YES;
			};
			name = Release;
		};
		40B192AD22972BDA00664959 /* Debug */ = {
			isa = XCBuildConfiguration;
			buildSettings = {
				ASSETCATALOG_COMPILER_APPICON_NAME = AppIcon;
				CODE_SIGN_STYLE = Automatic;
				DEVELOPMENT_TEAM = R596F9CQZ5;
				INFOPLIST_FILE = GiphyDemo/Meta/Info.plist;
				LD_RUNPATH_SEARCH_PATHS = (
					"$(inherited)",
					"@executable_path/Frameworks",
				);
				PRODUCT_BUNDLE_IDENTIFIER = com.descorp.GiphyDemo;
				PRODUCT_NAME = "$(TARGET_NAME)";
				SWIFT_VERSION = 5.0;
				TARGETED_DEVICE_FAMILY = "1,2";
			};
			name = Debug;
		};
		40B192AE22972BDA00664959 /* Release */ = {
			isa = XCBuildConfiguration;
			buildSettings = {
				ASSETCATALOG_COMPILER_APPICON_NAME = AppIcon;
				CODE_SIGN_STYLE = Automatic;
				DEVELOPMENT_TEAM = R596F9CQZ5;
				INFOPLIST_FILE = GiphyDemo/Meta/Info.plist;
				LD_RUNPATH_SEARCH_PATHS = (
					"$(inherited)",
					"@executable_path/Frameworks",
				);
				PRODUCT_BUNDLE_IDENTIFIER = com.descorp.GiphyDemo;
				PRODUCT_NAME = "$(TARGET_NAME)";
				SWIFT_VERSION = 5.0;
				TARGETED_DEVICE_FAMILY = "1,2";
			};
			name = Release;
		};
/* End XCBuildConfiguration section */

/* Begin XCConfigurationList section */
		40B1929522972BD700664959 /* Build configuration list for PBXProject "GiphyDemo" */ = {
			isa = XCConfigurationList;
			buildConfigurations = (
				40B192AA22972BDA00664959 /* Debug */,
				40B192AB22972BDA00664959 /* Release */,
			);
			defaultConfigurationIsVisible = 0;
			defaultConfigurationName = Release;
		};
		40B192AC22972BDA00664959 /* Build configuration list for PBXNativeTarget "GiphyDemo" */ = {
			isa = XCConfigurationList;
			buildConfigurations = (
				40B192AD22972BDA00664959 /* Debug */,
				40B192AE22972BDA00664959 /* Release */,
			);
			defaultConfigurationIsVisible = 0;
			defaultConfigurationName = Release;
		};
/* End XCConfigurationList section */
	};
	rootObject = 40B1929222972BD700664959 /* Project object */;
}
